
Microsoft Visual Studio Solution File, Format Version 12.00
# Visual Studio Version 16
VisualStudioVersion = 16.0.31515.178
MinimumVisualStudioVersion = 10.0.40219.1
Project("{FAE04EC0-301F-11D3-BF4B-00C04F79EFBC}") = "dataForm", "dataForm\dataForm.csproj", "{BDF00CC4-02D9-4F02-AF4A-A9D98B8079B1}"
EndProject
Global
	GlobalSection(SolutionConfigurationPlatforms) = preSolution
		Debug|Any CPU = Debug|Any CPU
		Release|Any CPU = Release|Any CPU
	EndGlobalSection
	GlobalSection(ProjectConfigurationPlatforms) = postSolution
		{BDF00CC4-02D9-4F02-AF4A-A9D98B8079B1}.Debug|Any CPU.ActiveCfg = Debug|Any CPU
		{BDF00CC4-02D9-4F02-AF4A-A9D98B8079B1}.Debug|Any CPU.Build.0 = Debug|Any CPU
		{BDF00CC4-02D9-4F02-AF4A-A9D98B8079B1}.Release|Any CPU.ActiveCfg = Release|Any CPU
		{BDF00CC4-02D9-4F02-AF4A-A9D98B8079B1}.Release|Any CPU.Build.0 = Release|Any CPU
	EndGlobalSection
	GlobalSection(SolutionProperties) = preSolution
		HideSolutionNode = FALSE
	EndGlobalSection
	GlobalSection(ExtensibilityGlobals) = postSolution
		SolutionGuid = {26D7911A-7BCB-4108-928B-E9D25B8AF53B}
	EndGlobalSection
EndGlobal
