
Microsoft Visual Studio Solution File, Format Version 12.00
# Visual Studio Version 16
VisualStudioVersion = 16.0.31515.178
MinimumVisualStudioVersion = 10.0.40219.1
Project("{FAE04EC0-301F-11D3-BF4B-00C04F79EFBC}") = "myAppThree", "myAppThree.csproj", "{FFAAE939-2B43-4DD9-A7B4-0411C4C7A5CB}"
EndProject
Global
	GlobalSection(SolutionConfigurationPlatforms) = preSolution
		Debug|Any CPU = Debug|Any CPU
		Release|Any CPU = Release|Any CPU
	EndGlobalSection
	GlobalSection(ProjectConfigurationPlatforms) = postSolution
		{FFAAE939-2B43-4DD9-A7B4-0411C4C7A5CB}.Debug|Any CPU.ActiveCfg = Debug|Any CPU
		{FFAAE939-2B43-4DD9-A7B4-0411C4C7A5CB}.Debug|Any CPU.Build.0 = Debug|Any CPU
		{FFAAE939-2B43-4DD9-A7B4-0411C4C7A5CB}.Release|Any CPU.ActiveCfg = Release|Any CPU
		{FFAAE939-2B43-4DD9-A7B4-0411C4C7A5CB}.Release|Any CPU.Build.0 = Release|Any CPU
	EndGlobalSection
	GlobalSection(SolutionProperties) = preSolution
		HideSolutionNode = FALSE
	EndGlobalSection
	GlobalSection(ExtensibilityGlobals) = postSolution
		SolutionGuid = {31E31BAE-072A-4279-BA70-1664F66E76AF}
	EndGlobalSection
EndGlobal
