
Microsoft Visual Studio Solution File, Format Version 12.00
# Visual Studio Version 16
VisualStudioVersion = 16.0.31515.178
MinimumVisualStudioVersion = 10.0.40219.1
Project("{FAE04EC0-301F-11D3-BF4B-00C04F79EFBC}") = "myAppFour", "myAppFour\myAppFour.csproj", "{72262D93-16C3-488B-BCF4-02B8FFE69C55}"
EndProject
Global
	GlobalSection(SolutionConfigurationPlatforms) = preSolution
		Debug|Any CPU = Debug|Any CPU
		Release|Any CPU = Release|Any CPU
	EndGlobalSection
	GlobalSection(ProjectConfigurationPlatforms) = postSolution
		{72262D93-16C3-488B-BCF4-02B8FFE69C55}.Debug|Any CPU.ActiveCfg = Debug|Any CPU
		{72262D93-16C3-488B-BCF4-02B8FFE69C55}.Debug|Any CPU.Build.0 = Debug|Any CPU
		{72262D93-16C3-488B-BCF4-02B8FFE69C55}.Release|Any CPU.ActiveCfg = Release|Any CPU
		{72262D93-16C3-488B-BCF4-02B8FFE69C55}.Release|Any CPU.Build.0 = Release|Any CPU
	EndGlobalSection
	GlobalSection(SolutionProperties) = preSolution
		HideSolutionNode = FALSE
	EndGlobalSection
	GlobalSection(ExtensibilityGlobals) = postSolution
		SolutionGuid = {26A6EC59-8BFF-411A-A0A7-964176B3FABA}
	EndGlobalSection
EndGlobal
